
Microsoft Visual Studio Solution File, Format Version 12.00
# Visual Studio Version 16
VisualStudioVersion = 16.0.31019.35
MinimumVisualStudioVersion = 10.0.40219.1
Project("{FAE04EC0-301F-11D3-BF4B-00C04F79EFBC}") = "ndp-proje", "ndp-proje\ndp-proje.csproj", "{184AA6A2-DAFD-40E3-971A-96CC77506204}"
EndProject
Global
	GlobalSection(SolutionConfigurationPlatforms) = preSolution
		Debug|Any CPU = Debug|Any CPU
		Release|Any CPU = Release|Any CPU
	EndGlobalSection
	GlobalSection(ProjectConfigurationPlatforms) = postSolution
		{184AA6A2-DAFD-40E3-971A-96CC77506204}.Debug|Any CPU.ActiveCfg = Debug|Any CPU
		{184AA6A2-DAFD-40E3-971A-96CC77506204}.Debug|Any CPU.Build.0 = Debug|Any CPU
		{184AA6A2-DAFD-40E3-971A-96CC77506204}.Release|Any CPU.ActiveCfg = Release|Any CPU
		{184AA6A2-DAFD-40E3-971A-96CC77506204}.Release|Any CPU.Build.0 = Release|Any CPU
	EndGlobalSection
	GlobalSection(SolutionProperties) = preSolution
		HideSolutionNode = FALSE
	EndGlobalSection
	GlobalSection(ExtensibilityGlobals) = postSolution
		SolutionGuid = {87DD7BD5-6787-4DE9-A2E2-408ED223A85D}
	EndGlobalSection
EndGlobal
